
Microsoft Visual Studio Solution File, Format Version 12.00
# Visual Studio Version 17
VisualStudioVersion = 17.11.35312.102
MinimumVisualStudioVersion = 10.0.40219.1
Project("{8BC9CEB8-8B4A-11D0-8D11-00A0C91BC942}") = "P17", "P17\P17.vcxproj", "{EA9E0E02-19B5-4F5B-9556-E7FBCA5E6C55}"
EndProject
Global
	GlobalSection(SolutionConfigurationPlatforms) = preSolution
		Debug|x64 = Debug|x64
		Debug|x86 = Debug|x86
		Release|x64 = Release|x64
		Release|x86 = Release|x86
	EndGlobalSection
	GlobalSection(ProjectConfigurationPlatforms) = postSolution
		{EA9E0E02-19B5-4F5B-9556-E7FBCA5E6C55}.Debug|x64.ActiveCfg = Debug|x64
		{EA9E0E02-19B5-4F5B-9556-E7FBCA5E6C55}.Debug|x64.Build.0 = Debug|x64
		{EA9E0E02-19B5-4F5B-9556-E7FBCA5E6C55}.Debug|x86.ActiveCfg = Debug|Win32
		{EA9E0E02-19B5-4F5B-9556-E7FBCA5E6C55}.Debug|x86.Build.0 = Debug|Win32
		{EA9E0E02-19B5-4F5B-9556-E7FBCA5E6C55}.Release|x64.ActiveCfg = Release|x64
		{EA9E0E02-19B5-4F5B-9556-E7FBCA5E6C55}.Release|x64.Build.0 = Release|x64
		{EA9E0E02-19B5-4F5B-9556-E7FBCA5E6C55}.Release|x86.ActiveCfg = Release|Win32
		{EA9E0E02-19B5-4F5B-9556-E7FBCA5E6C55}.Release|x86.Build.0 = Release|Win32
	EndGlobalSection
	GlobalSection(SolutionProperties) = preSolution
		HideSolutionNode = FALSE
	EndGlobalSection
	GlobalSection(ExtensibilityGlobals) = postSolution
		SolutionGuid = {2964E482-0899-4E88-BF3A-7BF79DC31F9B}
	EndGlobalSection
EndGlobal
